
Microsoft Visual Studio Solution File, Format Version 12.00
# Visual Studio Version 17
VisualStudioVersion = 17.7.34018.315
MinimumVisualStudioVersion = 10.0.40219.1
Project("{FAE04EC0-301F-11D3-BF4B-00C04F79EFBC}") = "ConsoleApp4", "ConsoleApp4.csproj", "{B0D5D693-583A-45C4-926A-AD4C3E3E7210}"
EndProject
Global
	GlobalSection(SolutionConfigurationPlatforms) = preSolution
		Debug|Any CPU = Debug|Any CPU
		Release|Any CPU = Release|Any CPU
	EndGlobalSection
	GlobalSection(ProjectConfigurationPlatforms) = postSolution
		{B0D5D693-583A-45C4-926A-AD4C3E3E7210}.Debug|Any CPU.ActiveCfg = Debug|Any CPU
		{B0D5D693-583A-45C4-926A-AD4C3E3E7210}.Debug|Any CPU.Build.0 = Debug|Any CPU
		{B0D5D693-583A-45C4-926A-AD4C3E3E7210}.Release|Any CPU.ActiveCfg = Release|Any CPU
		{B0D5D693-583A-45C4-926A-AD4C3E3E7210}.Release|Any CPU.Build.0 = Release|Any CPU
	EndGlobalSection
	GlobalSection(SolutionProperties) = preSolution
		HideSolutionNode = FALSE
	EndGlobalSection
	GlobalSection(ExtensibilityGlobals) = postSolution
		SolutionGuid = {2B4B9D95-030F-4C8F-92C4-2621E970DD6B}
	EndGlobalSection
EndGlobal
